
Microsoft Visual Studio Solution File, Format Version 12.00
# Visual Studio Version 17
VisualStudioVersion = 17.3.32901.215
MinimumVisualStudioVersion = 10.0.40219.1
Project("{FAE04EC0-301F-11D3-BF4B-00C04F79EFBC}") = "Povod C sharp", "Povod C sharp.csproj", "{2307DF01-97C3-405F-866B-3A37BBBC0C64}"
EndProject
Global
	GlobalSection(SolutionConfigurationPlatforms) = preSolution
		Debug|Any CPU = Debug|Any CPU
		Release|Any CPU = Release|Any CPU
	EndGlobalSection
	GlobalSection(ProjectConfigurationPlatforms) = postSolution
		{2307DF01-97C3-405F-866B-3A37BBBC0C64}.Debug|Any CPU.ActiveCfg = Debug|Any CPU
		{2307DF01-97C3-405F-866B-3A37BBBC0C64}.Debug|Any CPU.Build.0 = Debug|Any CPU
		{2307DF01-97C3-405F-866B-3A37BBBC0C64}.Release|Any CPU.ActiveCfg = Release|Any CPU
		{2307DF01-97C3-405F-866B-3A37BBBC0C64}.Release|Any CPU.Build.0 = Release|Any CPU
	EndGlobalSection
	GlobalSection(SolutionProperties) = preSolution
		HideSolutionNode = FALSE
	EndGlobalSection
	GlobalSection(ExtensibilityGlobals) = postSolution
		SolutionGuid = {A3A96DAC-4CC6-4FFF-B7FB-BEEB8E1496FC}
	EndGlobalSection
EndGlobal
